
Microsoft Visual Studio Solution File, Format Version 12.00
# Visual Studio Version 16
VisualStudioVersion = 16.0.30907.101
MinimumVisualStudioVersion = 10.0.40219.1
Project("{9A19103F-16F7-4668-BE54-9A1E7A4F7556}") = "AgileDotNetHtml", "src\AgileDotNetHtml.csproj", "{ECAA3693-7AC3-437A-921B-7EA80D39AB6E}"
EndProject
Project("{9A19103F-16F7-4668-BE54-9A1E7A4F7556}") = "AgileDotNetHtml.Test", "test\AgileDotNetHtml.Test.csproj", "{B4D05B74-F920-47E8-9136-6685E5D1F214}"
EndProject
Project("{2150E333-8FDC-42A3-9474-1A3956D46DE8}") = "src", "src", "{4B88A4D5-A8D6-42AC-99F5-5CB94DD56E05}"
EndProject
Project("{2150E333-8FDC-42A3-9474-1A3956D46DE8}") = "test", "test", "{C3F5DFE2-47C4-4EE2-8A38-EFB258F86ACB}"
EndProject
Project("{2150E333-8FDC-42A3-9474-1A3956D46DE8}") = "Solution Items", "Solution Items", "{1D80CE1A-4385-4F5D-B328-B2B0B85D7E0E}"
	ProjectSection(SolutionItems) = preProject
		coding-guidelines.md = coding-guidelines.md
		LICENSE = LICENSE
		README.md = README.md
	EndProjectSection
EndProject
Global
	GlobalSection(SolutionConfigurationPlatforms) = preSolution
		Debug|Any CPU = Debug|Any CPU
		Release|Any CPU = Release|Any CPU
	EndGlobalSection
	GlobalSection(ProjectConfigurationPlatforms) = postSolution
		{ECAA3693-7AC3-437A-921B-7EA80D39AB6E}.Debug|Any CPU.ActiveCfg = Debug|Any CPU
		{ECAA3693-7AC3-437A-921B-7EA80D39AB6E}.Debug|Any CPU.Build.0 = Debug|Any CPU
		{ECAA3693-7AC3-437A-921B-7EA80D39AB6E}.Release|Any CPU.ActiveCfg = Release|Any CPU
		{ECAA3693-7AC3-437A-921B-7EA80D39AB6E}.Release|Any CPU.Build.0 = Release|Any CPU
		{B4D05B74-F920-47E8-9136-6685E5D1F214}.Debug|Any CPU.ActiveCfg = Debug|Any CPU
		{B4D05B74-F920-47E8-9136-6685E5D1F214}.Debug|Any CPU.Build.0 = Debug|Any CPU
		{B4D05B74-F920-47E8-9136-6685E5D1F214}.Release|Any CPU.ActiveCfg = Release|Any CPU
		{B4D05B74-F920-47E8-9136-6685E5D1F214}.Release|Any CPU.Build.0 = Release|Any CPU
	EndGlobalSection
	GlobalSection(SolutionProperties) = preSolution
		HideSolutionNode = FALSE
	EndGlobalSection
	GlobalSection(NestedProjects) = preSolution
		{ECAA3693-7AC3-437A-921B-7EA80D39AB6E} = {4B88A4D5-A8D6-42AC-99F5-5CB94DD56E05}
		{B4D05B74-F920-47E8-9136-6685E5D1F214} = {C3F5DFE2-47C4-4EE2-8A38-EFB258F86ACB}
	EndGlobalSection
	GlobalSection(ExtensibilityGlobals) = postSolution
		SolutionGuid = {BB232B0F-37A3-422A-A2A1-00E4E27A8109}
	EndGlobalSection
EndGlobal
